// !$*UTF8*$!
{
	archiveVersion = 1;
	classes = {
	};
	objectVersion = 48;
	objects = {

/* Begin PBXBuildFile section */
		3C7FEED72028AEDB00328C08 /* AppDelegate.swift in Sources */ = {isa = PBXBuildFile; fileRef = 3C7FEED62028AEDB00328C08 /* AppDelegate.swift */; };
		3C7FEED92028AEDB00328C08 /* ViewController.swift in Sources */ = {isa = PBXBuildFile; fileRef = 3C7FEED82028AEDB00328C08 /* ViewController.swift */; };
		3C7FEEDC2028AEDB00328C08 /* Main.storyboard in Resources */ = {isa = PBXBuildFile; fileRef = 3C7FEEDA2028AEDB00328C08 /* Main.storyboard */; };
		3C7FEEDF2028AEDB00328C08 /* RecordBoard.xcdatamodeld in Sources */ = {isa = PBXBuildFile; fileRef = 3C7FEEDD2028AEDB00328C08 /* RecordBoard.xcdatamodeld */; };
		3C7FEEE12028AEDB00328C08 /* Assets.xcassets in Resources */ = {isa = PBXBuildFile; fileRef = 3C7FEEE02028AEDB00328C08 /* Assets.xcassets */; };
		3C7FEEE42028AEDB00328C08 /* LaunchScreen.storyboard in Resources */ = {isa = PBXBuildFile; fileRef = 3C7FEEE22028AEDB00328C08 /* LaunchScreen.storyboard */; };
		3C7FEEEC2028AF6B00328C08 /* RecordViewController.swift in Sources */ = {isa = PBXBuildFile; fileRef = 3C7FEEEB2028AF6B00328C08 /* RecordViewController.swift */; };
/* End PBXBuildFile section */

/* Begin PBXFileReference section */
		3C7FEED32028AEDB00328C08 /* RecordBoard.app */ = {isa = PBXFileReference; explicitFileType = wrapper.application; includeInIndex = 0; path = RecordBoard.app; sourceTree = BUILT_PRODUCTS_DIR; };
		3C7FEED62028AEDB00328C08 /* AppDelegate.swift */ = {isa = PBXFileReference; lastKnownFileType = sourcecode.swift; path = AppDelegate.swift; sourceTree = "<group>"; };
		3C7FEED82028AEDB00328C08 /* ViewController.swift */ = {isa = PBXFileReference; lastKnownFileType = sourcecode.swift; path = ViewController.swift; sourceTree = "<group>"; };
		3C7FEEDB2028AEDB00328C08 /* Base */ = {isa = PBXFileReference; lastKnownFileType = file.storyboard; name = Base; path = Base.lproj/Main.storyboard; sourceTree = "<group>"; };
		3C7FEEDE2028AEDB00328C08 /* RecordBoard.xcdatamodel */ = {isa = PBXFileReference; lastKnownFileType = wrapper.xcdatamodel; path = RecordBoard.xcdatamodel; sourceTree = "<group>"; };
		3C7FEEE02028AEDB00328C08 /* Assets.xcassets */ = {isa = PBXFileReference; lastKnownFileType = folder.assetcatalog; path = Assets.xcassets; sourceTree = "<group>"; };
		3C7FEEE32028AEDB00328C08 /* Base */ = {isa = PBXFileReference; lastKnownFileType = file.storyboard; name = Base; path = Base.lproj/LaunchScreen.storyboard; sourceTree = "<group>"; };
		3C7FEEE52028AEDB00328C08 /* Info.plist */ = {isa = PBXFileReference; lastKnownFileType = text.plist.xml; path = Info.plist; sourceTree = "<group>"; };
		3C7FEEEB2028AF6B00328C08 /* RecordViewController.swift */ = {isa = PBXFileReference; lastKnownFileType = sourcecode.swift; path = RecordViewController.swift; sourceTree = "<group>"; };
/* End PBXFileReference section */

/* Begin PBXFrameworksBuildPhase section */
		3C7FEED02028AEDB00328C08 /* Frameworks */ = {
			isa = PBXFrameworksBuildPhase;
			buildActionMask = 2147483647;
			files = (
			);
			runOnlyForDeploymentPostprocessing = 0;
		};
/* End PBXFrameworksBuildPhase section */

/* Begin PBXGroup section */
		3C7FEECA2028AEDB00328C08 = {
			isa = PBXGroup;
			children = (
				3C7FEED52028AEDB00328C08 /* RecordBoard */,
				3C7FEED42028AEDB00328C08 /* Products */,
			);
			sourceTree = "<group>";
		};
		3C7FEED42028AEDB00328C08 /* Products */ = {
			isa = PBXGroup;
			children = (
				3C7FEED32028AEDB00328C08 /* RecordBoard.app */,
			);
			name = Products;
			sourceTree = "<group>";
		};
		3C7FEED52028AEDB00328C08 /* RecordBoard */ = {
			isa = PBXGroup;
			children = (
				3C7FEED62028AEDB00328C08 /* AppDelegate.swift */,
				3C7FEED82028AEDB00328C08 /* ViewController.swift */,
				3C7FEEDA2028AEDB00328C08 /* Main.storyboard */,
				3C7FEEEB2028AF6B00328C08 /* RecordViewController.swift */,
				3C7FEEE02028AEDB00328C08 /* Assets.xcassets */,
				3C7FEEE22028AEDB00328C08 /* LaunchScreen.storyboard */,
				3C7FEEE52028AEDB00328C08 /* Info.plist */,
				3C7FEEDD2028AEDB00328C08 /* RecordBoard.xcdatamodeld */,
			);
			path = RecordBoard;
			sourceTree = "<group>";
		};
/* End PBXGroup section */

/* Begin PBXNativeTarget section */
		3C7FEED22028AEDB00328C08 /* RecordBoard */ = {
			isa = PBXNativeTarget;
			buildConfigurationList = 3C7FEEE82028AEDB00328C08 /* Build configuration list for PBXNativeTarget "RecordBoard" */;
			buildPhases = (
				3C7FEECF2028AEDB00328C08 /* Sources */,
				3C7FEED02028AEDB00328C08 /* Frameworks */,
				3C7FEED12028AEDB00328C08 /* Resources */,
			);
			buildRules = (
			);
			dependencies = (
			);
			name = RecordBoard;
			productName = RecordBoard;
			productReference = 3C7FEED32028AEDB00328C08 /* RecordBoard.app */;
			productType = "com.apple.product-type.application";
		};
/* End PBXNativeTarget section */

/* Begin PBXProject section */
		3C7FEECB2028AEDB00328C08 /* Project object */ = {
			isa = PBXProject;
			attributes = {
				LastSwiftUpdateCheck = 0920;
				LastUpgradeCheck = 0920;
				ORGANIZATIONNAME = "mani saffarnia";
				TargetAttributes = {
					3C7FEED22028AEDB00328C08 = {
						CreatedOnToolsVersion = 9.2;
						ProvisioningStyle = Automatic;
					};
				};
			};
			buildConfigurationList = 3C7FEECE2028AEDB00328C08 /* Build configuration list for PBXProject "RecordBoard" */;
			compatibilityVersion = "Xcode 8.0";
			developmentRegion = en;
			hasScannedForEncodings = 0;
			knownRegions = (
				en,
				Base,
			);
			mainGroup = 3C7FEECA2028AEDB00328C08;
			productRefGroup = 3C7FEED42028AEDB00328C08 /* Products */;
			projectDirPath = "";
			projectRoot = "";
			targets = (
				3C7FEED22028AEDB00328C08 /* RecordBoard */,
			);
		};
/* End PBXProject section */

/* Begin PBXResourcesBuildPhase section */
		3C7FEED12028AEDB00328C08 /* Resources */ = {
			isa = PBXResourcesBuildPhase;
			buildActionMask = 2147483647;
			files = (
				3C7FEEE42028AEDB00328C08 /* LaunchScreen.storyboard in Resources */,
				3C7FEEE12028AEDB00328C08 /* Assets.xcassets in Resources */,
				3C7FEEDC2028AEDB00328C08 /* Main.storyboard in Resources */,
			);
			runOnlyForDeploymentPostprocessing = 0;
		};
/* End PBXResourcesBuildPhase section */

/* Begin PBXSourcesBuildPhase section */
		3C7FEECF2028AEDB00328C08 /* Sources */ = {
			isa = PBXSourcesBuildPhase;
			buildActionMask = 2147483647;
			files = (
				3C7FEED92028AEDB00328C08 /* ViewController.swift in Sources */,
				3C7FEED72028AEDB00328C08 /* AppDelegate.swift in Sources */,
				3C7FEEDF2028AEDB00328C08 /* RecordBoard.xcdatamodeld in Sources */,
				3C7FEEEC2028AF6B00328C08 /* RecordViewController.swift in Sources */,
			);
			runOnlyForDeploymentPostprocessing = 0;
		};
/* End PBXSourcesBuildPhase section */

/* Begin PBXVariantGroup section */
		3C7FEEDA2028AEDB00328C08 /* Main.storyboard */ = {
			isa = PBXVariantGroup;
			children = (
				3C7FEEDB2028AEDB00328C08 /* Base */,
			);
			name = Main.storyboard;
			sourceTree = "<group>";
		};
		3C7FEEE22028AEDB00328C08 /* LaunchScreen.storyboard */ = {
			isa = PBXVariantGroup;
			children = (
				3C7FEEE32028AEDB00328C08 /* Base */,
			);
			name = LaunchScreen.storyboard;
			sourceTree = "<group>";
		};
/* End PBXVariantGroup section */

/* Begin XCBuildConfiguration section */
		3C7FEEE62028AEDB00328C08 /* Debug */ = {
			isa = XCBuildConfiguration;
			buildSettings = {
				ALWAYS_SEARCH_USER_PATHS = NO;
				CLANG_ANALYZER_NONNULL = YES;
				CLANG_ANALYZER_NUMBER_OBJECT_CONVERSION = YES_AGGRESSIVE;
				CLANG_CXX_LANGUAGE_STANDARD = "gnu++14";
				CLANG_CXX_LIBRARY = "libc++";
				CLANG_ENABLE_MODULES = YES;
				CLANG_ENABLE_OBJC_ARC = YES;
				CLANG_WARN_BLOCK_CAPTURE_AUTORELEASING = YES;
				CLANG_WARN_BOOL_CONVERSION = YES;
				CLANG_WARN_COMMA = YES;
				CLANG_WARN_CONSTANT_CONVERSION = YES;
				CLANG_WARN_DIRECT_OBJC_ISA_USAGE = YES_ERROR;
				CLANG_WARN_DOCUMENTATION_COMMENTS = YES;
				CLANG_WARN_EMPTY_BODY = YES;
				CLANG_WARN_ENUM_CONVERSION = YES;
				CLANG_WARN_INFINITE_RECURSION = YES;
				CLANG_WARN_INT_CONVERSION = YES;
				CLANG_WARN_NON_LITERAL_NULL_CONVERSION = YES;
				CLANG_WARN_OBJC_LITERAL_CONVERSION = YES;
				CLANG_WARN_OBJC_ROOT_CLASS = YES_ERROR;
				CLANG_WARN_RANGE_LOOP_ANALYSIS = YES;
				CLANG_WARN_STRICT_PROTOTYPES = YES;
				CLANG_WARN_SUSPICIOUS_MOVE = YES;
				CLANG_WARN_UNGUARDED_AVAILABILITY = YES_AGGRESSIVE;
				CLANG_WARN_UNREACHABLE_CODE = YES;
				CLANG_WARN__DUPLICATE_METHOD_MATCH = YES;
				CODE_SIGN_IDENTITY = "iPhone Developer";
				COPY_PHASE_STRIP = NO;
				DEBUG_INFORMATION_FORMAT = dwarf;
				ENABLE_STRICT_OBJC_MSGSEND = YES;
				ENABLE_TESTABILITY = YES;
				GCC_C_LANGUAGE_STANDARD = gnu11;
				GCC_DYNAMIC_NO_PIC = NO;
				GCC_NO_COMMON_BLOCKS = YES;
				GCC_OPTIMIZATION_LEVEL = 0;
				GCC_PREPROCESSOR_DEFINITIONS = (
					"DEBUG=1",
					"$(inherited)",
				);
				GCC_WARN_64_TO_32_BIT_CONVERSION = YES;
				GCC_WARN_ABOUT_RETURN_TYPE = YES_ERROR;
				GCC_WARN_UNDECLARED_SELECTOR = YES;
				GCC_WARN_UNINITIALIZED_AUTOS = YES_AGGRESSIVE;
				GCC_WARN_UNUSED_FUNCTION = YES;
				GCC_WARN_UNUSED_VARIABLE = YES;
				IPHONEOS_DEPLOYMENT_TARGET = 11.2;
				MTL_ENABLE_DEBUG_INFO = YES;
				ONLY_ACTIVE_ARCH = YES;
				SDKROOT = iphoneos;
				SWIFT_ACTIVE_COMPILATION_CONDITIONS = DEBUG;
				SWIFT_OPTIMIZATION_LEVEL = "-Onone";
			};
			name = Debug;
		};
		3C7FEEE72028AEDB00328C08 /* Release */ = {
			isa = XCBuildConfiguration;
			buildSettings = {
				ALWAYS_SEARCH_USER_PATHS = NO;
				CLANG_ANALYZER_NONNULL = YES;
				CLANG_ANALYZER_NUMBER_OBJECT_CONVERSION = YES_AGGRESSIVE;
				CLANG_CXX_LANGUAGE_STANDARD = "gnu++14";
				CLANG_CXX_LIBRARY = "libc++";
				CLANG_ENABLE_MODULES = YES;
				CLANG_ENABLE_OBJC_ARC = YES;
				CLANG_WARN_BLOCK_CAPTURE_AUTORELEASING = YES;
				CLANG_WARN_BOOL_CONVERSION = YES;
				CLANG_WARN_COMMA = YES;
				CLANG_WARN_CONSTANT_CONVERSION = YES;
				CLANG_WARN_DIRECT_OBJC_ISA_USAGE = YES_ERROR;
				CLANG_WARN_DOCUMENTATION_COMMENTS = YES;
				CLANG_WARN_EMPTY_BODY = YES;
				CLANG_WARN_ENUM_CONVERSION = YES;
				CLANG_WARN_INFINITE_RECURSION = YES;
				CLANG_WARN_INT_CONVERSION = YES;
				CLANG_WARN_NON_LITERAL_NULL_CONVERSION = YES;
				CLANG_WARN_OBJC_LITERAL_CONVERSION = YES;
				CLANG_WARN_OBJC_ROOT_CLASS = YES_ERROR;
				CLANG_WARN_RANGE_LOOP_ANALYSIS = YES;
				CLANG_WARN_STRICT_PROTOTYPES = YES;
				CLANG_WARN_SUSPICIOUS_MOVE = YES;
				CLANG_WARN_UNGUARDED_AVAILABILITY = YES_AGGRESSIVE;
				CLANG_WARN_UNREACHABLE_CODE = YES;
				CLANG_WARN__DUPLICATE_METHOD_MATCH = YES;
				CODE_SIGN_IDENTITY = "iPhone Developer";
				COPY_PHASE_STRIP = NO;
				DEBUG_INFORMATION_FORMAT = "dwarf-with-dsym";
				ENABLE_NS_ASSERTIONS = NO;
				ENABLE_STRICT_OBJC_MSGSEND = YES;
				GCC_C_LANGUAGE_STANDARD = gnu11;
				GCC_NO_COMMON_BLOCKS = YES;
				GCC_WARN_64_TO_32_BIT_CONVERSION = YES;
				GCC_WARN_ABOUT_RETURN_TYPE = YES_ERROR;
				GCC_WARN_UNDECLARED_SELECTOR = YES;
				GCC_WARN_UNINITIALIZED_AUTOS = YES_AGGRESSIVE;
				GCC_WARN_UNUSED_FUNCTION = YES;
				GCC_WARN_UNUSED_VARIABLE = YES;
				IPHONEOS_DEPLOYMENT_TARGET = 11.2;
				MTL_ENABLE_DEBUG_INFO = NO;
				SDKROOT = iphoneos;
				SWIFT_OPTIMIZATION_LEVEL = "-Owholemodule";
				VALIDATE_PRODUCT = YES;
			};
			name = Release;
		};
		3C7FEEE92028AEDB00328C08 /* Debug */ = {
			isa = XCBuildConfiguration;
			buildSettings = {
				ASSETCATALOG_COMPILER_APPICON_NAME = AppIcon;
				CODE_SIGN_STYLE = Automatic;
				DEVELOPMENT_TEAM = 98R2HQ6RW4;
				INFOPLIST_FILE = RecordBoard/Info.plist;
				LD_RUNPATH_SEARCH_PATHS = "$(inherited) @executable_path/Frameworks";
				PRODUCT_BUNDLE_IDENTIFIER = com.manisaffarnia.RecordBoard;
				PRODUCT_NAME = "$(TARGET_NAME)";
				SWIFT_VERSION = 4.0;
				TARGETED_DEVICE_FAMILY = "1,2";
			};
			name = Debug;
		};
		3C7FEEEA2028AEDB00328C08 /* Release */ = {
			isa = XCBuildConfiguration;
			buildSettings = {
				ASSETCATALOG_COMPILER_APPICON_NAME = AppIcon;
				CODE_SIGN_STYLE = Automatic;
				DEVELOPMENT_TEAM = 98R2HQ6RW4;
				INFOPLIST_FILE = RecordBoard/Info.plist;
				LD_RUNPATH_SEARCH_PATHS = "$(inherited) @executable_path/Frameworks";
				PRODUCT_BUNDLE_IDENTIFIER = com.manisaffarnia.RecordBoard;
				PRODUCT_NAME = "$(TARGET_NAME)";
				SWIFT_VERSION = 4.0;
				TARGETED_DEVICE_FAMILY = "1,2";
			};
			name = Release;
		};
/* End XCBuildConfiguration section */

/* Begin XCConfigurationList section */
		3C7FEECE2028AEDB00328C08 /* Build configuration list for PBXProject "RecordBoard" */ = {
			isa = XCConfigurationList;
			buildConfigurations = (
				3C7FEEE62028AEDB00328C08 /* Debug */,
				3C7FEEE72028AEDB00328C08 /* Release */,
			);
			defaultConfigurationIsVisible = 0;
			defaultConfigurationName = Release;
		};
		3C7FEEE82028AEDB00328C08 /* Build configuration list for PBXNativeTarget "RecordBoard" */ = {
			isa = XCConfigurationList;
			buildConfigurations = (
				3C7FEEE92028AEDB00328C08 /* Debug */,
				3C7FEEEA2028AEDB00328C08 /* Release */,
			);
			defaultConfigurationIsVisible = 0;
			defaultConfigurationName = Release;
		};
/* End XCConfigurationList section */

/* Begin XCVersionGroup section */
		3C7FEEDD2028AEDB00328C08 /* RecordBoard.xcdatamodeld */ = {
			isa = XCVersionGroup;
			children = (
				3C7FEEDE2028AEDB00328C08 /* RecordBoard.xcdatamodel */,
			);
			currentVersion = 3C7FEEDE2028AEDB00328C08 /* RecordBoard.xcdatamodel */;
			path = RecordBoard.xcdatamodeld;
			sourceTree = "<group>";
			versionGroupType = wrapper.xcdatamodel;
		};
/* End XCVersionGroup section */
	};
	rootObject = 3C7FEECB2028AEDB00328C08 /* Project object */;
}
